cloud.google.com/go/auth v0.15.0 h1:Ly0u4aA5vG/fsSsxu98qCQBemXtAtJf+95z9HK+cxps=
cloud.google.com/go/auth v0.15.0/go.mod h1:WJDGqZ1o9E9wKIL+IwStfyn/+s59zl4Bi+1KQNVXLZ8=
cloud.google.com/go/auth v0.20.0 h1:kXTssoVb4azsVDoUiF8KvxAqrsQcQtB53DcSgta74CA=
cloud.google.com/go/auth v0.20.0/go.mod h1:942/yi/itH1SsmpyrbnTMDgGfdy2BUqIKyd0cyYLc5Q=
cloud.google.com/go/auth/oauth2adapt v0.2.8 h1:keo8NaayQZ6wimpNSmW5OPc283g65QNIiLpZnkHRbnc=
cloud.google.com/go/auth/oauth2adapt v0.2.8/go.mod h1:XQ9y31RkqZCcwJWNSx2Xvric3RrU88hAYYbjDWYDL+c=
cloud.google.com/go/compute/metadata v0.6.0 h1:A6hENjEsCDtC1k8byVsgwvVcioamEHvZ4j01OwKxG9I=
cloud.google.com/go/compute/metadata v0.6.0/go.mod h1:FjyFAW1MW0C203CEOMDTu3Dk1FlqW3Rga40jzHL4hfg=
cloud.google.com/go/compute/metadata v0.9.0 h1:pDUj4QMoPejqq20dK0Pg2N4yG9zIkYGdBtwLoEkH9Zs=
cloud.google.com/go/compute/metadata v0.9.0/go.mod h1:E0bWwX5wTnLPedCKqk3pJmVgCBSM6qQI1yTBdEb3C10=
github.com/cespare/xxhash/v2 v2.3.0 h1:UL815xU9SqsFlibzuggzjXhog7bL6oX9BbNZnL2UFvs=
github.com/cespare/xxhash/v2 v2.3.0/go.mod h1:VGX0DQ3Q6kWi7AoAeZDth3/j3BFtOZR5XLFGgcrjCOs=
github.com/davecgh/go-spew v1.1.1 h1:vj9j/u1bqnvCEfJOwUhtlOARqs3+rkHYY13jYWTU97c=
github.com/davecgh/go-spew v1.1.1/go.mod h1:J7Y8YcW2NihsgmVo/mv3lAwl/skON4iLHjSsI+c5H38=
github.com/felixge/httpsnoop v1.0.4 h1:NFTV2Zj1bL4mc9sqWACXbQFVBBg2W3GPvqp8/ESS2Wg=
github.com/felixge/httpsnoop v1.0.4/go.mod h1:m8KPJKqk1gH5J9DgRY2ASl2lWCfGKXixSwevea8zH2U=
github.com/go-logr/logr v1.2.2/go.mod h1:jdQByPbusPIv2/zmleS9BjJVeZ6kBagPoEUsqbVz/1A=
github.com/go-logr/logr v1.4.2 h1:6pFjapn8bFcIbiKo3XT4j/BhANplGihG6tvd+8rYgrY=
github.com/go-logr/logr v1.4.2/go.mod h1:9T104GzyrTigFIr8wt5mBrctHMim0Nb2HLGrmQ40KvY=
github.com/go-logr/logr v1.4.3 h1:CjnDlHq8ikf6E492q6eKboGOC0T8CDaOvkHCIg8idEI=
github.com/go-logr/logr v1.4.3/go.mod h1:9T104GzyrTigFIr8wt5mBrctHMim0Nb2HLGrmQ40KvY=
github.com/go-logr/stdr v1.2.2 h1:hSWxHoqTgW2S2qGc0LTAI563KZ5YKYRhT3MFKZMbjag=
github.com/go-logr/stdr v1.2.2/go.mod h1:mMo/vtBO5dYbehREoey6XUKy/eSumjCCveDpRre4VKE=
github.com/golang/protobuf v1.5.4 h1:i7eJL8qZTpSEXOPTxNKhASYpMn+8e5Q6AdndVa1dWek=
github.com/golang/protobuf v1.5.4/go.mod h1:lnTiLA8Wa4RWRcIUkrtSVa5nRhsEGBg48fD6rSs7xps=
github.com/google/go-cmp v0.7.0 h1:wk8382ETsv4JYUZwIsn6YpYiWiBsYLSJiTsyBybVuN8=
github.com/google/go-cmp v0.7.0/go.mod h1:pXiqmnSA92OHEEa9HXL2W4E7lf9JzCmGVUdgjX3N/iU=
github.com/google/s2a-go v0.1.9 h1:LGD7gtMgezd8a/Xak7mEWL0PjoTQFvpRudN895yqKW0=
github.com/google/s2a-go v0.1.9/go.mod h1:YA0Ei2ZQL3acow2O62kdp9UlnvMmU7kA6Eutn0dXayM=
github.com/google/uuid v1.6.0 h1:NIvaJDMOsjHA8n1jAhLSgzrAzy1Hgr+hNrb57e+94F0=
github.com/google/uuid v1.6.0/go.mod h1:TIyPZe4MgqvfeYDBFedMoGGpEw/LqOeaOT+nhxU+yHo=
github.com/googleapis/enterprise-certificate-proxy v0.3.6 h1:GW/XbdyBFQ8Qe+YAmFU9uHLo7OnF5tL52HFAgMmyrf4=
github.com/googleapis/enterprise-certificate-proxy v0.3.6/go.mod h1:MkHOF77EYAE7qfSuSS9PU6g4Nt4e11cnsDUowfwewLA=
github.com/googleapis/enterprise-certificate-proxy v0.3.16 h1:F/VPrx0YPBdksZJQdCAp0WUsqnNmZpUZszzfYt0M5Dw=
github.com/googleapis/enterprise-certificate-proxy v0.3.16/go.mod h1:9Yb0eAkH/Xqhvv3zbeKf/+wMJqCeocWc6KIhDvEAuYE=
github.com/googleapis/gax-go/v2 v2.14.1 h1:hb0FFeiPaQskmvakKu5EbCbpntQn48jyHuvrkurSS/Q=
github.com/googleapis/gax-go/v2 v2.14.1/go.mod h1:Hb/NubMaVM88SrNkvl8X/o8XWwDJEPqouaLeN2IUxoA=
github.com/googleapis/gax-go/v2 v2.22.0 h1:PjIWBpgGIVKGoCXuiCoP64altEJCj3/Ei+kSU5vlZD4=
github.com/googleapis/gax-go/v2 v2.22.0/go.mod h1:irWBbALSr0Sk3qlqb9SyJ1h68WjgeFuiOzI4Rqw5+aY=
github.com/kr/pretty v0.3.1 h1:flRD4NNwYAUpkphVc1HcthR4KEIFJ65n8Mw5qdRn3LE=
github.com/kr/pretty v0.3.1/go.mod h1:hoEshYVHaxMs3cyo3Yncou5ZscifuDolrwPKZanG3xk=
github.com/kr/text v0.2.0 h1:5Nx0Ya0ZqY2ygV366QzturHI13Jq95ApcVaJBhpS+AY=
github.com/kr/text v0.2.0/go.mod h1:eLer722TekiGuMkidMxC/pM04lWEeraHUUmBw8l2grE=
github.com/pmezard/go-difflib v1.0.0 h1:4DBwDE0NGyQoBHbLQYPwSUPoCMWR5BEzIk/f1lZbAQM=
github.com/pmezard/go-difflib v1.0.0/go.mod h1:iKH77koFhYxTK1pcRnkKkqfTogsbg7gZNVY4sRDYZ/4=
github.com/rogpeppe/go-internal v1.13.1 h1:KvO1DLK/DRN07sQ1LQKScxyZJuNnedQ5/wKSR38lUII=
github.com/rogpeppe/go-internal v1.13.1/go.mod h1:uMEvuHeurkdAXX61udpOXGD/AzZDWNMNyH2VO9fmH0o=
github.com/rogpeppe/go-internal v1.14.1 h1:UQB4HGPB6osV0SQTLymcB4TgvyWu6ZyliaW0tI/otEQ=
github.com/stretchr/testify v1.10.0 h1:Xv5erBjTwe/5IxqUQTdXv5kgmIvbHo3QQyRwhJsOfJA=
github.com/stretchr/testify v1.10.0/go.mod h1:r2ic/lqez/lEtzL7wO/rwa5dbSLXVDPFyf8C91i36aY=
github.com/stretchr/testify v1.11.1 h1:7s2iGBzp5EwR7/aIZr8ao5+dra3wiQyKjjFuvgVKu7U=
go.opentelemetry.io/auto/sdk v1.1.0 h1:cH53jehLUN6UFLY71z+NDOiNJqDdPRaXzTel0sJySYA=
go.opentelemetry.io/auto/sdk v1.1.0/go.mod h1:3wSPjt5PWp2RhlCcmmOial7AvC4DQqZb7a7wCow3W8A=
go.opentelemetry.io/auto/sdk v1.2.1 h1:jXsnJ4Lmnqd11kwkBV2LgLoFMZKizbCi5fNZ/ipaZ64=
go.opentelemetry.io/auto/sdk v1.2.1/go.mod h1:KRTj+aOaElaLi+wW1kO/DZRXwkF4C5xPbEe3ZiIhN7Y=
go.opentelemetry.io/contrib/instrumentation/net/http/otelhttp v0.60.0 h1:sbiXRNDSWJOTobXh5HyQKjq6wUC5tNybqjIqDpAY4CU=
go.opentelemetry.io/contrib/instrumentation/net/http/otelhttp v0.60.0/go.mod h1:69uWxva0WgAA/4bu2Yy70SLDBwZXuQ6PbBpbsa5iZrQ=
go.opentelemetry.io/contrib/instrumentation/net/http/otelhttp v0.68.0 h1:CqXxU8VOmDefoh0+ztfGaymYbhdB/tT3zs79QaZTNGY=
go.opentelemetry.io/contrib/instrumentation/net/http/otelhttp v0.68.0/go.mod h1:BuhAPThV8PBHBvg8ZzZ/Ok3idOdhWIodywz2xEcRbJo=
go.opentelemetry.io/otel v1.35.0 h1:xKWKPxrxB6OtMCbmMY021CqC45J+3Onta9MqjhnusiQ=
go.opentelemetry.io/otel v1.35.0/go.mod h1:UEqy8Zp11hpkUrL73gSlELM0DupHoiq72dR+Zqel/+Y=
go.opentelemetry.io/otel v1.43.0 h1:mYIM03dnh5zfN7HautFE4ieIig9amkNANT+xcVxAj9I=
go.opentelemetry.io/otel v1.43.0/go.mod h1:JuG+u74mvjvcm8vj8pI5XiHy1zDeoCS2LB1spIq7Ay0=
go.opentelemetry.io/otel/metric v1.35.0 h1:0znxYu2SNyuMSQT4Y9WDWej0VpcsxkuklLa4/siN90M=
go.opentelemetry.io/otel/metric v1.35.0/go.mod h1:nKVFgxBZ2fReX6IlyW28MgZojkoAkJGaE8CpgeAU3oE=
go.opentelemetry.io/otel/metric v1.43.0 h1:d7638QeInOnuwOONPp4JAOGfbCEpYb+K6DVWvdxGzgM=
go.opentelemetry.io/otel/metric v1.43.0/go.mod h1:RDnPtIxvqlgO8GRW18W6Z/4P462ldprJtfxHxyKd2PY=
go.opentelemetry.io/otel/sdk v1.35.0 h1:iPctf8iprVySXSKJffSS79eOjl9pvxV9ZqOWT0QejKY=
go.opentelemetry.io/otel/sdk v1.35.0/go.mod h1:+ga1bZliga3DxJ3CQGg3updiaAJoNECOgJREo9KHGQg=
go.opentelemetry.io/otel/sdk v1.43.0 h1:pi5mE86i5rTeLXqoF/hhiBtUNcrAGHLKQdhg4h4V9Dg=
go.opentelemetry.io/otel/sdk/metric v1.35.0 h1:1RriWBmCKgkeHEhM7a2uMjMUfP7MsOF5JpUCaEqEI9o=
go.opentelemetry.io/otel/sdk/metric v1.35.0/go.mod h1:is6XYCUMpcKi+ZsOvfluY5YstFnhW0BidkR+gL+qN+w=
go.opentelemetry.io/otel/sdk/metric v1.43.0 h1:S88dyqXjJkuBNLeMcVPRFXpRw2fuwdvfCGLEo89fDkw=
go.opentelemetry.io/otel/trace v1.35.0 h1:dPpEfJu1sDIqruz7BHFG3c7528f6ddfSWfFDVt/xgMs=
go.opentelemetry.io/otel/trace v1.35.0/go.mod h1:WUk7DtFp1Aw2MkvqGdwiXYDZZNvA/1J8o6xRXLrIkyc=
go.opentelemetry.io/otel/trace v1.43.0 h1:BkNrHpup+4k4w+ZZ86CZoHHEkohws8AY+WTX09nk+3A=
go.opentelemetry.io/otel/trace v1.43.0/go.mod h1:/QJhyVBUUswCphDVxq+8mld+AvhXZLhe+8WVFxiFff0=
golang.org/x/crypto v0.37.0 h1:kJNSjF/Xp7kU0iB2Z+9viTPMW4EqqsrywMXLJOOsXSE=
golang.org/x/crypto v0.37.0/go.mod h1:vg+k43peMZ0pUMhYmVAWysMK35e6ioLh3wB8ZCAfbVc=
golang.org/x/crypto v0.52.0 h1:RMs7fP2rXdep0CftQlK8Uf+kibLm7qkCcradZWYz988=
golang.org/x/crypto v0.52.0/go.mod h1:1QgfPxDqh0T2M/elOJtp9RvuR95kVjir0e6/BvEmGbc=
golang.org/x/net v0.39.0 h1:ZCu7HMWDxpXpaiKdhzIfaltL9Lp31x/3fCP11bc6/fY=
golang.org/x/net v0.39.0/go.mod h1:X7NRbYVEA+ewNkCNyJ513WmMdQ3BineSwVtN2zD/d+E=
golang.org/x/net v0.55.0 h1:bcvxaJn3e1U6InsFWt1JUq1aSjnRxLzT2rtD2KfkDF8=
golang.org/x/net v0.55.0/go.mod h1:L5U2KuzuOe1lY7Z+aWVIKK6qEeJXnXV9yzGA+WCHJww=
golang.org/x/oauth2 v0.29.0 h1:WdYw2tdTK1S8olAzWHdgeqfy+Mtm9XNhv/xJsY65d98=
golang.org/x/oauth2 v0.29.0/go.mod h1:onh5ek6nERTohokkhCD/y2cV4Do3fxFHFuAejCkRWT8=
golang.org/x/oauth2 v0.36.0 h1:peZ/1z27fi9hUOFCAZaHyrpWG5lwe0RJEEEeH0ThlIs=
golang.org/x/oauth2 v0.36.0/go.mod h1:YDBUJMTkDnJS+A4BP4eZBjCqtokkg1hODuPjwiGPO7Q=
golang.org/x/sync v0.13.0 h1:AauUjRAJ9OSnvULf/ARrrVywoJDy0YS2AwQ98I37610=
golang.org/x/sync v0.13.0/go.mod h1:1dzgHSNfp02xaA81J2MS99Qcpr2w7fw1gpm99rleRqA=
golang.org/x/sync v0.20.0 h1:e0PTpb7pjO8GAtTs2dQ6jYa5BWYlMuX047Dco/pItO4=
golang.org/x/sys v0.32.0 h1:s77OFDvIQeibCmezSnk/q6iAfkdiQaJi4VzroCFrN20=
golang.org/x/sys v0.32.0/go.mod h1:BJP2sWEmIv4KK5OTEluFJCKSidICx8ciO85XgH3Ak8k=
golang.org/x/sys v0.45.0 h1:dO4czNzziLiiXplLQgBCEpCvXQ3dnkn0SdaZSYdQ+FY=
golang.org/x/sys v0.45.0/go.mod h1:4GL1E5IUh+htKOUEOaiffhrAeqysfVGipDYzABqnCmw=
golang.org/x/text v0.24.0 h1:dd5Bzh4yt5KYA8f9CJHCP4FB4D51c2c6JvN37xJJkJ0=
golang.org/x/text v0.24.0/go.mod h1:L8rBsPeo2pSS+xqN0d5u2ikmjtmoJbDBT1b7nHvFCdU=
golang.org/x/text v0.37.0 h1:Cqjiwd9eSg8e0QAkyCaQTNHFIIzWtidPahFWR83rTrc=
golang.org/x/text v0.37.0/go.mod h1:a5sjxXGs9hsn/AJVwuElvCAo9v8QYLzvavO5z2PiM38=
google.golang.org/api v0.228.0 h1:X2DJ/uoWGnY5obVjewbp8icSL5U4FzuCfy9OjbLSnLs=
google.golang.org/api v0.228.0/go.mod h1:wNvRS1Pbe8r4+IfBIniV8fwCpGwTrYa+kMUDiC5z5a4=
google.golang.org/api v0.280.0 h1:F4OfEHZhZh6a7uTufJAXXVd/2TQ8EjM4vZH+jX/vFYk=
google.golang.org/api v0.280.0/go.mod h1:oGKmPZRDoD3vdkf6MA7F4VNkR1rxCiuaPSkhsf3EolU=
google.golang.org/genproto/googleapis/api v0.0.0-20250106144421-5f5ef82da422 h1:GVIKPyP/kLIyVOgOnTwFOrvQaQUzOzGMCxgFUOEmm24=
google.golang.org/genproto/googleapis/api v0.0.0-20250106144421-5f5ef82da422/go.mod h1:b6h1vNKhxaSoEI+5jc3PJUCustfli/mRab7295pY7rw=
google.golang.org/genproto/googleapis/api v0.0.0-20260319201613-d00831a3d3e7 h1:41r6JMbpzBMen0R/4TZeeAmGXSJC7DftGINUodzTkPI=
google.golang.org/genproto/googleapis/rpc v0.0.0-20250409194420-de1ac958c67a h1:GIqLhp/cYUkuGuiT+vJk8vhOP86L4+SP5j8yXgeVpvI=
google.golang.org/genproto/googleapis/rpc v0.0.0-20250409194420-de1ac958c67a/go.mod h1:qQ0YXyHHx3XkvlzUtpXDkS29lDSafHMZBAZDc03LQ3A=
google.golang.org/genproto/googleapis/rpc v0.0.0-20260523011958-0a33c5d7ca68 h1:PvEgGJf9C/1u5CHkInMg7UFYYUoiaQmW2LbtH0pjB78=
google.golang.org/genproto/googleapis/rpc v0.0.0-20260523011958-0a33c5d7ca68/go.mod h1:4Hqkh8ycfw05ld/3BWL7rJOSfebL2Q+DVDeRgYgxUU8=
google.golang.org/grpc v1.71.1 h1:ffsFWr7ygTUscGPI0KKK6TLrGz0476KUvvsbqWK0rPI=
google.golang.org/grpc v1.71.1/go.mod h1:H0GRtasmQOh9LkFoCPDu3ZrwUtD1YGE+b2vYBYd/8Ec=
google.golang.org/grpc v1.81.1 h1:VnnIIZ88UzOOKLukQi+ImGz8O1Wdp8nAGGnvOfEIWQQ=
google.golang.org/grpc v1.81.1/go.mod h1:xGH9GfzOyMTGIOXBJmXt+BX/V0kcdQbdcuwQ/zNw42I=
google.golang.org/protobuf v1.36.6 h1:z1NpPI8ku2WgiWnf+t9wTPsn6eP1L7ksHUlkfLvd9xY=
google.golang.org/protobuf v1.36.6/go.mod h1:jduwjTPXsFjZGTmRluh+L6NjiWu7pchiJ2/5YcXBHnY=
google.golang.org/protobuf v1.36.11 h1:fV6ZwhNocDyBLK0dj+fg8ektcVegBBuEolpbTQyBNVE=
google.golang.org/protobuf v1.36.11/go.mod h1:HTf+CrKn2C3g5S8VImy6tdcUvCska2kB7j23XfzDpco=
gopkg.in/check.v1 v0.0.0-20161208181325-20d25e280405/go.mod h1:Co6ibVJAznAaIkqp8huTwlJQCZ016jof/cbN4VW5Yz0=
gopkg.in/check.v1 v1.0.0-20201130134442-10cb98267c6c h1:Hei/4ADfdWqJk1ZMxUNpqntNwaWcugrBjAiHlqqRiVk=
gopkg.in/check.v1 v1.0.0-20201130134442-10cb98267c6c/go.mod h1:JHkPIbrfpd72SG/EVd6muEfDQjcINNoR0C8j2r3qZ4Q=
gopkg.in/yaml.v2 v2.4.0 h1:D8xgwECY7CYvx+Y2n4sBz93Jn9JRvxdiyyo8CTfuKaY=
gopkg.in/yaml.v2 v2.4.0/go.mod h1:RDklbk79AGWmwhnvt/jBztapEOGDOx6ZbXqjP6csGnQ=
gopkg.in/yaml.v3 v3.0.1 h1:fxVm/GzAzEWqLHuvctI91KS9hhNmmWOoWu0XTYJS7CA=
gopkg.in/yaml.v3 v3.0.1/go.mod h1:K4uyk7z7BCEPqu6E+C64Yfv1cQ7kz7rIZviUmN+EgEM=
